
Microsoft Visual Studio Solution File, Format Version 12.00
# Visual Studio Version 16
VisualStudioVersion = 16.0.30225.117
MinimumVisualStudioVersion = 10.0.40219.1
Project("{FAE04EC0-301F-11D3-BF4B-00C04F79EFBC}") = "AgileWinkellijst_WPF", "AgileWinkellijst\AgileWinkellijst_WPF.csproj", "{27C7FC3D-AA6C-4996-A2EC-40896E61DAF5}"
EndProject
Project("{FAE04EC0-301F-11D3-BF4B-00C04F79EFBC}") = "AgileWinkellijst_DAL", "AgileWinkellijst_DAL\AgileWinkellijst_DAL.csproj", "{81BECFC2-3B90-41B6-9B4A-ED1051D587FA}"
EndProject
Project("{FAE04EC0-301F-11D3-BF4B-00C04F79EFBC}") = "WinkellijstEndToEndTests", "WinkellijstUnitTests\WinkellijstEndToEndTests.csproj", "{A79459D7-724F-4181-8876-8533A4FE5E0E}"
EndProject
Global
	GlobalSection(SolutionConfigurationPlatforms) = preSolution
		Debug|Any CPU = Debug|Any CPU
		Release|Any CPU = Release|Any CPU
	EndGlobalSection
	GlobalSection(ProjectConfigurationPlatforms) = postSolution
		{27C7FC3D-AA6C-4996-A2EC-40896E61DAF5}.Debug|Any CPU.ActiveCfg = Debug|Any CPU
		{27C7FC3D-AA6C-4996-A2EC-40896E61DAF5}.Debug|Any CPU.Build.0 = Debug|Any CPU
		{27C7FC3D-AA6C-4996-A2EC-40896E61DAF5}.Release|Any CPU.ActiveCfg = Release|Any CPU
		{27C7FC3D-AA6C-4996-A2EC-40896E61DAF5}.Release|Any CPU.Build.0 = Release|Any CPU
		{81BECFC2-3B90-41B6-9B4A-ED1051D587FA}.Debug|Any CPU.ActiveCfg = Debug|Any CPU
		{81BECFC2-3B90-41B6-9B4A-ED1051D587FA}.Debug|Any CPU.Build.0 = Debug|Any CPU
		{81BECFC2-3B90-41B6-9B4A-ED1051D587FA}.Release|Any CPU.ActiveCfg = Release|Any CPU
		{81BECFC2-3B90-41B6-9B4A-ED1051D587FA}.Release|Any CPU.Build.0 = Release|Any CPU
		{A79459D7-724F-4181-8876-8533A4FE5E0E}.Debug|Any CPU.ActiveCfg = Debug|Any CPU
		{A79459D7-724F-4181-8876-8533A4FE5E0E}.Debug|Any CPU.Build.0 = Debug|Any CPU
		{A79459D7-724F-4181-8876-8533A4FE5E0E}.Release|Any CPU.ActiveCfg = Release|Any CPU
		{A79459D7-724F-4181-8876-8533A4FE5E0E}.Release|Any CPU.Build.0 = Release|Any CPU
	EndGlobalSection
	GlobalSection(SolutionProperties) = preSolution
		HideSolutionNode = FALSE
	EndGlobalSection
	GlobalSection(ExtensibilityGlobals) = postSolution
		SolutionGuid = {C5AAB69A-ADD1-4C00-AC3A-A566FA89E6DF}
	EndGlobalSection
EndGlobal
